
Microsoft Visual Studio Solution File, Format Version 11.00
# Visual Studio 2010
Project("{FAE04EC0-301F-11D3-BF4B-00C04F79EFBC}") = "xlDriver", "xlDriver\xlDriver.csproj", "{EA4C62CD-CB4F-4BCE-9153-AD01CDDCF64E}"
EndProject
Project("{FAE04EC0-301F-11D3-BF4B-00C04F79EFBC}") = "Client", "Client\Client.csproj", "{94CC436A-4919-43EB-8984-C1C273D3857C}"
EndProject
Global
	GlobalSection(SolutionConfigurationPlatforms) = preSolution
		Debug|Any CPU = Debug|Any CPU
		Debug|Mixed Platforms = Debug|Mixed Platforms
		Debug|x86 = Debug|x86
		Release|Any CPU = Release|Any CPU
		Release|Mixed Platforms = Release|Mixed Platforms
		Release|x86 = Release|x86
	EndGlobalSection
	GlobalSection(ProjectConfigurationPlatforms) = postSolution
		{EA4C62CD-CB4F-4BCE-9153-AD01CDDCF64E}.Debug|Any CPU.ActiveCfg = Debug|Any CPU
		{EA4C62CD-CB4F-4BCE-9153-AD01CDDCF64E}.Debug|Any CPU.Build.0 = Debug|Any CPU
		{EA4C62CD-CB4F-4BCE-9153-AD01CDDCF64E}.Debug|Mixed Platforms.ActiveCfg = Debug|Any CPU
		{EA4C62CD-CB4F-4BCE-9153-AD01CDDCF64E}.Debug|Mixed Platforms.Build.0 = Debug|Any CPU
		{EA4C62CD-CB4F-4BCE-9153-AD01CDDCF64E}.Debug|x86.ActiveCfg = Debug|Any CPU
		{EA4C62CD-CB4F-4BCE-9153-AD01CDDCF64E}.Release|Any CPU.ActiveCfg = Release|Any CPU
		{EA4C62CD-CB4F-4BCE-9153-AD01CDDCF64E}.Release|Any CPU.Build.0 = Release|Any CPU
		{EA4C62CD-CB4F-4BCE-9153-AD01CDDCF64E}.Release|Mixed Platforms.ActiveCfg = Release|Any CPU
		{EA4C62CD-CB4F-4BCE-9153-AD01CDDCF64E}.Release|Mixed Platforms.Build.0 = Release|Any CPU
		{EA4C62CD-CB4F-4BCE-9153-AD01CDDCF64E}.Release|x86.ActiveCfg = Release|Any CPU
		{94CC436A-4919-43EB-8984-C1C273D3857C}.Debug|Any CPU.ActiveCfg = Debug|x86
		{94CC436A-4919-43EB-8984-C1C273D3857C}.Debug|Mixed Platforms.ActiveCfg = Debug|x86
		{94CC436A-4919-43EB-8984-C1C273D3857C}.Debug|Mixed Platforms.Build.0 = Debug|x86
		{94CC436A-4919-43EB-8984-C1C273D3857C}.Debug|x86.ActiveCfg = Debug|x86
		{94CC436A-4919-43EB-8984-C1C273D3857C}.Debug|x86.Build.0 = Debug|x86
		{94CC436A-4919-43EB-8984-C1C273D3857C}.Release|Any CPU.ActiveCfg = Release|x86
		{94CC436A-4919-43EB-8984-C1C273D3857C}.Release|Mixed Platforms.ActiveCfg = Release|x86
		{94CC436A-4919-43EB-8984-C1C273D3857C}.Release|Mixed Platforms.Build.0 = Release|x86
		{94CC436A-4919-43EB-8984-C1C273D3857C}.Release|x86.ActiveCfg = Release|x86
		{94CC436A-4919-43EB-8984-C1C273D3857C}.Release|x86.Build.0 = Release|x86
	EndGlobalSection
	GlobalSection(SolutionProperties) = preSolution
		HideSolutionNode = FALSE
	EndGlobalSection
EndGlobal
